
Microsoft Visual Studio Solution File, Format Version 12.00
# Visual Studio Version 17
VisualStudioVersion = 17.1.32421.90
MinimumVisualStudioVersion = 10.0.40219.1
Project("{FAE04EC0-301F-11D3-BF4B-00C04F79EFBC}") = "Zadanie2", "Zadanie2\Zadanie2.csproj", "{5A3B8BAF-0C43-454E-BEE8-24C81B1CF2FE}"
EndProject
Global
	GlobalSection(SolutionConfigurationPlatforms) = preSolution
		Debug|Any CPU = Debug|Any CPU
		Release|Any CPU = Release|Any CPU
	EndGlobalSection
	GlobalSection(ProjectConfigurationPlatforms) = postSolution
		{5A3B8BAF-0C43-454E-BEE8-24C81B1CF2FE}.Debug|Any CPU.ActiveCfg = Debug|Any CPU
		{5A3B8BAF-0C43-454E-BEE8-24C81B1CF2FE}.Debug|Any CPU.Build.0 = Debug|Any CPU
		{5A3B8BAF-0C43-454E-BEE8-24C81B1CF2FE}.Release|Any CPU.ActiveCfg = Release|Any CPU
		{5A3B8BAF-0C43-454E-BEE8-24C81B1CF2FE}.Release|Any CPU.Build.0 = Release|Any CPU
	EndGlobalSection
	GlobalSection(SolutionProperties) = preSolution
		HideSolutionNode = FALSE
	EndGlobalSection
	GlobalSection(ExtensibilityGlobals) = postSolution
		SolutionGuid = {17DAA83D-5243-4A7B-84BB-2E7BF8AB63C6}
	EndGlobalSection
EndGlobal
